lockfile_version: '1'
generated_at: '2026-08-20T17:20:58.069642+00:00'
apm_version: 0.28.0
dependencies: []
deployments: []
mcp_servers:
- chrome-devtools
mcp_configs:
  chrome-devtools:
    name: chrome-devtools
    transport: stdio
    args:
    - -y
    - chrome-devtools-mcp@latest
    registry: false
    command: npx
